
Microsoft Visual Studio Solution File, Format Version 12.00
# Visual Studio Version 16
VisualStudioVersion = 16.0.30204.135
MinimumVisualStudioVersion = 10.0.40219.1
Project("{9A19103F-16F7-4668-BE54-9A1E7A4F7556}") = "GaraManagement", "GaraManagement\GaraManagement.csproj", "{6DC89056-2E0B-4CEC-A563-C534C6783B65}"
EndProject
Global
	GlobalSection(SolutionConfigurationPlatforms) = preSolution
		Debug|Any CPU = Debug|Any CPU
		Release|Any CPU = Release|Any CPU
	EndGlobalSection
	GlobalSection(ProjectConfigurationPlatforms) = postSolution
		{6DC89056-2E0B-4CEC-A563-C534C6783B65}.Debug|Any CPU.ActiveCfg = Debug|Any CPU
		{6DC89056-2E0B-4CEC-A563-C534C6783B65}.Debug|Any CPU.Build.0 = Debug|Any CPU
		{6DC89056-2E0B-4CEC-A563-C534C6783B65}.Release|Any CPU.ActiveCfg = Release|Any CPU
		{6DC89056-2E0B-4CEC-A563-C534C6783B65}.Release|Any CPU.Build.0 = Release|Any CPU
	EndGlobalSection
	GlobalSection(SolutionProperties) = preSolution
		HideSolutionNode = FALSE
	EndGlobalSection
	GlobalSection(ExtensibilityGlobals) = postSolution
		SolutionGuid = {380AA20F-BDEF-4DEB-96D3-913B3E67333D}
	EndGlobalSection
EndGlobal
